
Microsoft Visual Studio Solution File, Format Version 12.00
# Visual Studio Version 17
VisualStudioVersion = 17.14.36429.23
MinimumVisualStudioVersion = 10.0.40219.1
Project("{2150E333-8FDC-42A3-9474-1A3956D46DE8}") = "Task0", "Task0", "{02EA681E-C7D8-13C7-8484-4AC65E1B71E8}"
EndProject
Project("{2150E333-8FDC-42A3-9474-1A3956D46DE8}") = "Task1", "Task1", "{5C7A6EE6-2DD5-44BF-AAB8-B75B50DCEF47}"
EndProject
Project("{2150E333-8FDC-42A3-9474-1A3956D46DE8}") = "Task2", "Task2", "{D0E537EA-2D82-43EE-B69A-0D77D28B1426}"
EndProject
Project("{2150E333-8FDC-42A3-9474-1A3956D46DE8}") = "Task3", "Task3", "{13136975-54D2-4507-B326-2D21362D10FD}"
EndProject
Project("{2150E333-8FDC-42A3-9474-1A3956D46DE8}") = "Task4", "Task4", "{04F70D3C-B9F7-405B-93DA-5115EC98E2EF}"
EndProject
Project("{2150E333-8FDC-42A3-9474-1A3956D46DE8}") = "Task5", "Task5", "{720EDC1A-38D9-4925-8C23-E2B8825ED0A4}"
EndProject
Project("{2150E333-8FDC-42A3-9474-1A3956D46DE8}") = "Task6", "Task6", "{E152026B-BBCE-4AE8-ADE0-36A929F10780}"
EndProject
Project("{2150E333-8FDC-42A3-9474-1A3956D46DE8}") = "Task7", "Task7", "{24D587BC-038F-4607-8A0E-C43CC8FC4E2C}"
EndProject
Project("{FAE04EC0-301F-11D3-BF4B-00C04F79EFBC}") = "Tyuiu.KazachekI.Sprint6.Task0.V29", "Tyuiu.KazachekI.Sprint6.Task0.V29\Tyuiu.KazachekI.Sprint6.Task0.V29.csproj", "{708C402D-7AA8-48ED-9887-E8F0AA98C7F3}"
EndProject
Project("{FAE04EC0-301F-11D3-BF4B-00C04F79EFBC}") = "Tyuiu.KazachekI.Sprint6.Task0.V29.Lib", "Tyuiu.KazachekI.Sprint6.Task0.V29.Lib\Tyuiu.KazachekI.Sprint6.Task0.V29.Lib.csproj", "{BA2DD480-6B3D-4304-BFE3-C3B4072E38B4}"
EndProject
Project("{FAE04EC0-301F-11D3-BF4B-00C04F79EFBC}") = "Tyuiu.KazachekI.Sprint6.Task0.V29.Test", "Tyuiu.KazachekI.Sprint6.Task0.V29.Test\Tyuiu.KazachekI.Sprint6.Task0.V29.Test.csproj", "{6C90AB0F-E2B1-4BED-853D-D4EF06C462DB}"
EndProject
Project("{FAE04EC0-301F-11D3-BF4B-00C04F79EFBC}") = "Tyuiu.KazachekI.Sprint6.Task1.V14", "Tyuiu.KazachekI.Sprint6.Task1.V14\Tyuiu.KazachekI.Sprint6.Task1.V14.csproj", "{8EA01137-A919-4F5C-BA67-D32C6CB0E680}"
EndProject
Project("{FAE04EC0-301F-11D3-BF4B-00C04F79EFBC}") = "Tyuiu.KazachekI.Sprint6.Task1.V14.Lib", "Tyuiu.KazachekI.Sprint6.Task1.V14.Lib\Tyuiu.KazachekI.Sprint6.Task1.V14.Lib.csproj", "{3C84A2FA-5047-4CDA-9B63-AC1E49FD9636}"
EndProject
Project("{FAE04EC0-301F-11D3-BF4B-00C04F79EFBC}") = "Tyuiu.KazachekI.Sprint6.Task1.V14.Test", "Tyuiu.KazachekI.Sprint6.Task1.V14.Test\Tyuiu.KazachekI.Sprint6.Task1.V14.Test.csproj", "{BB33E7E9-B1C2-4527-8C32-1492A97E662F}"
EndProject
Global
	GlobalSection(SolutionConfigurationPlatforms) = preSolution
		Debug|Any CPU = Debug|Any CPU
		Release|Any CPU = Release|Any CPU
	EndGlobalSection
	GlobalSection(ProjectConfigurationPlatforms) = postSolution
		{708C402D-7AA8-48ED-9887-E8F0AA98C7F3}.Debug|Any CPU.ActiveCfg = Debug|Any CPU
		{708C402D-7AA8-48ED-9887-E8F0AA98C7F3}.Debug|Any CPU.Build.0 = Debug|Any CPU
		{708C402D-7AA8-48ED-9887-E8F0AA98C7F3}.Release|Any CPU.ActiveCfg = Release|Any CPU
		{708C402D-7AA8-48ED-9887-E8F0AA98C7F3}.Release|Any CPU.Build.0 = Release|Any CPU
		{BA2DD480-6B3D-4304-BFE3-C3B4072E38B4}.Debug|Any CPU.ActiveCfg = Debug|Any CPU
		{BA2DD480-6B3D-4304-BFE3-C3B4072E38B4}.Debug|Any CPU.Build.0 = Debug|Any CPU
		{BA2DD480-6B3D-4304-BFE3-C3B4072E38B4}.Release|Any CPU.ActiveCfg = Release|Any CPU
		{BA2DD480-6B3D-4304-BFE3-C3B4072E38B4}.Release|Any CPU.Build.0 = Release|Any CPU
		{6C90AB0F-E2B1-4BED-853D-D4EF06C462DB}.Debug|Any CPU.ActiveCfg = Debug|Any CPU
		{6C90AB0F-E2B1-4BED-853D-D4EF06C462DB}.Debug|Any CPU.Build.0 = Debug|Any CPU
		{6C90AB0F-E2B1-4BED-853D-D4EF06C462DB}.Release|Any CPU.ActiveCfg = Release|Any CPU
		{6C90AB0F-E2B1-4BED-853D-D4EF06C462DB}.Release|Any CPU.Build.0 = Release|Any CPU
		{8EA01137-A919-4F5C-BA67-D32C6CB0E680}.Debug|Any CPU.ActiveCfg = Debug|Any CPU
		{8EA01137-A919-4F5C-BA67-D32C6CB0E680}.Debug|Any CPU.Build.0 = Debug|Any CPU
		{8EA01137-A919-4F5C-BA67-D32C6CB0E680}.Release|Any CPU.ActiveCfg = Release|Any CPU
		{8EA01137-A919-4F5C-BA67-D32C6CB0E680}.Release|Any CPU.Build.0 = Release|Any CPU
		{3C84A2FA-5047-4CDA-9B63-AC1E49FD9636}.Debug|Any CPU.ActiveCfg = Debug|Any CPU
		{3C84A2FA-5047-4CDA-9B63-AC1E49FD9636}.Debug|Any CPU.Build.0 = Debug|Any CPU
		{3C84A2FA-5047-4CDA-9B63-AC1E49FD9636}.Release|Any CPU.ActiveCfg = Release|Any CPU
		{3C84A2FA-5047-4CDA-9B63-AC1E49FD9636}.Release|Any CPU.Build.0 = Release|Any CPU
		{BB33E7E9-B1C2-4527-8C32-1492A97E662F}.Debug|Any CPU.ActiveCfg = Debug|Any CPU
		{BB33E7E9-B1C2-4527-8C32-1492A97E662F}.Debug|Any CPU.Build.0 = Debug|Any CPU
		{BB33E7E9-B1C2-4527-8C32-1492A97E662F}.Release|Any CPU.ActiveCfg = Release|Any CPU
		{BB33E7E9-B1C2-4527-8C32-1492A97E662F}.Release|Any CPU.Build.0 = Release|Any CPU
	EndGlobalSection
	GlobalSection(SolutionProperties) = preSolution
		HideSolutionNode = FALSE
	EndGlobalSection
	GlobalSection(NestedProjects) = preSolution
		{708C402D-7AA8-48ED-9887-E8F0AA98C7F3} = {02EA681E-C7D8-13C7-8484-4AC65E1B71E8}
		{BA2DD480-6B3D-4304-BFE3-C3B4072E38B4} = {02EA681E-C7D8-13C7-8484-4AC65E1B71E8}
		{6C90AB0F-E2B1-4BED-853D-D4EF06C462DB} = {02EA681E-C7D8-13C7-8484-4AC65E1B71E8}
		{8EA01137-A919-4F5C-BA67-D32C6CB0E680} = {5C7A6EE6-2DD5-44BF-AAB8-B75B50DCEF47}
		{3C84A2FA-5047-4CDA-9B63-AC1E49FD9636} = {5C7A6EE6-2DD5-44BF-AAB8-B75B50DCEF47}
		{BB33E7E9-B1C2-4527-8C32-1492A97E662F} = {5C7A6EE6-2DD5-44BF-AAB8-B75B50DCEF47}
	EndGlobalSection
	GlobalSection(ExtensibilityGlobals) = postSolution
		SolutionGuid = {04940882-2BA1-40E0-9BE1-8F027FC2CF75}
	EndGlobalSection
EndGlobal
