
Microsoft Visual Studio Solution File, Format Version 12.00
# Visual Studio Version 17
VisualStudioVersion = 17.14.36429.23
MinimumVisualStudioVersion = 10.0.40219.1
Project("{2150E333-8FDC-42A3-9474-1A3956D46DE8}") = "Task0", "Task0", "{02EA681E-C7D8-13C7-8484-4AC65E1B71E8}"
EndProject
Project("{2150E333-8FDC-42A3-9474-1A3956D46DE8}") = "Task1", "Task1", "{5C7A6EE6-2DD5-44BF-AAB8-B75B50DCEF47}"
EndProject
Project("{2150E333-8FDC-42A3-9474-1A3956D46DE8}") = "Task2", "Task2", "{D0E537EA-2D82-43EE-B69A-0D77D28B1426}"
EndProject
Project("{2150E333-8FDC-42A3-9474-1A3956D46DE8}") = "Task3", "Task3", "{13136975-54D2-4507-B326-2D21362D10FD}"
EndProject
Project("{2150E333-8FDC-42A3-9474-1A3956D46DE8}") = "Task4", "Task4", "{04F70D3C-B9F7-405B-93DA-5115EC98E2EF}"
EndProject
Project("{2150E333-8FDC-42A3-9474-1A3956D46DE8}") = "Task5", "Task5", "{720EDC1A-38D9-4925-8C23-E2B8825ED0A4}"
EndProject
Project("{2150E333-8FDC-42A3-9474-1A3956D46DE8}") = "Task6", "Task6", "{E152026B-BBCE-4AE8-ADE0-36A929F10780}"
EndProject
Project("{2150E333-8FDC-42A3-9474-1A3956D46DE8}") = "Task7", "Task7", "{24D587BC-038F-4607-8A0E-C43CC8FC4E2C}"
EndProject
Project("{FAE04EC0-301F-11D3-BF4B-00C04F79EFBC}") = "Tyuiu.KazachekI.Sprint6.Task0.V29", "Tyuiu.KazachekI.Sprint6.Task0.V29\Tyuiu.KazachekI.Sprint6.Task0.V29.csproj", "{708C402D-7AA8-48ED-9887-E8F0AA98C7F3}"
EndProject
Project("{FAE04EC0-301F-11D3-BF4B-00C04F79EFBC}") = "Tyuiu.KazachekI.Sprint6.Task0.V29.Lib", "Tyuiu.KazachekI.Sprint6.Task0.V29.Lib\Tyuiu.KazachekI.Sprint6.Task0.V29.Lib.csproj", "{BA2DD480-6B3D-4304-BFE3-C3B4072E38B4}"
EndProject
Project("{FAE04EC0-301F-11D3-BF4B-00C04F79EFBC}") = "Tyuiu.KazachekI.Sprint6.Task0.V29.Test", "Tyuiu.KazachekI.Sprint6.Task0.V29.Test\Tyuiu.KazachekI.Sprint6.Task0.V29.Test.csproj", "{6C90AB0F-E2B1-4BED-853D-D4EF06C462DB}"
EndProject
Project("{FAE04EC0-301F-11D3-BF4B-00C04F79EFBC}") = "Tyuiu.KazachekI.Sprint6.Task1.V14", "Tyuiu.KazachekI.Sprint6.Task1.V14\Tyuiu.KazachekI.Sprint6.Task1.V14.csproj", "{8EA01137-A919-4F5C-BA67-D32C6CB0E680}"
EndProject
Project("{FAE04EC0-301F-11D3-BF4B-00C04F79EFBC}") = "Tyuiu.KazachekI.Sprint6.Task1.V14.Lib", "Tyuiu.KazachekI.Sprint6.Task1.V14.Lib\Tyuiu.KazachekI.Sprint6.Task1.V14.Lib.csproj", "{3C84A2FA-5047-4CDA-9B63-AC1E49FD9636}"
EndProject
Project("{FAE04EC0-301F-11D3-BF4B-00C04F79EFBC}") = "Tyuiu.KazachekI.Sprint6.Task1.V14.Test", "Tyuiu.KazachekI.Sprint6.Task1.V14.Test\Tyuiu.KazachekI.Sprint6.Task1.V14.Test.csproj", "{BB33E7E9-B1C2-4527-8C32-1492A97E662F}"
EndProject
Project("{FAE04EC0-301F-11D3-BF4B-00C04F79EFBC}") = "Tyuiu.KazachekI.Sprint6.Task3.V28", "Tyuiu.KazachekI.Sprint6.Task3.V28\Tyuiu.KazachekI.Sprint6.Task3.V28.csproj", "{B42367DD-3312-4F08-93EA-D97E14886076}"
EndProject
Project("{FAE04EC0-301F-11D3-BF4B-00C04F79EFBC}") = "Tyuiu.KazachekI.Sprint6.Task3.V28.Lib", "Tyuiu.KazachekI.Sprint6.Task3.V28.Lib\Tyuiu.KazachekI.Sprint6.Task3.V28.Lib.csproj", "{64E6F744-D422-4FAA-AF16-0A94C004920D}"
EndProject
Project("{FAE04EC0-301F-11D3-BF4B-00C04F79EFBC}") = "Tyuiu.KazachekI.Sprint6.Task3.V28.Test", "Tyuiu.KazachekI.Sprint6.Task3.V28.Test\Tyuiu.KazachekI.Sprint6.Task3.V28.Test.csproj", "{46F61BF4-4C5B-440D-A38C-0BEC274A025C}"
EndProject
Project("{FAE04EC0-301F-11D3-BF4B-00C04F79EFBC}") = "Tyuiu.KazachekI.Sprint6.Task4.V14", "Tyuiu.KazachekI.Sprint6.Task4.V14\Tyuiu.KazachekI.Sprint6.Task4.V14.csproj", "{13D9D2B9-19D5-40E4-A276-637E6B1EBE8D}"
EndProject
Project("{FAE04EC0-301F-11D3-BF4B-00C04F79EFBC}") = "Tyuiu.KazachekI.Sprint6.Task4.V14.Lib", "Tyuiu.KazachekI.Sprint6.Task4.V14.Lib\Tyuiu.KazachekI.Sprint6.Task4.V14.Lib.csproj", "{39B58DEA-5918-41A7-A709-31AF59FF5A3B}"
EndProject
Project("{FAE04EC0-301F-11D3-BF4B-00C04F79EFBC}") = "Tyuiu.KazachekI.Sprint6.Task4.V14.Test", "Tyuiu.KazachekI.Sprint6.Task4.V14.Test\Tyuiu.KazachekI.Sprint6.Task4.V14.Test.csproj", "{33BC3B8E-7750-4579-A764-7CFFC0FFD74C}"
EndProject
Project("{FAE04EC0-301F-11D3-BF4B-00C04F79EFBC}") = "Tyuiu.KazachekI.Sprint6.Task5.V16", "Tyuiu.KazachekI.Sprint6.Task5.V16\Tyuiu.KazachekI.Sprint6.Task5.V16.csproj", "{67F52CCE-C475-4670-B537-2F19F8A22C08}"
EndProject
Project("{FAE04EC0-301F-11D3-BF4B-00C04F79EFBC}") = "Tyuiu.KazachekI.Sprint6.Task5.V16.Lib", "Tyuiu.KazachekI.Sprint6.Task5.V16.Lib\Tyuiu.KazachekI.Sprint6.Task5.V16.Lib.csproj", "{14651252-0689-45D4-A2BF-99FDAC8EE23B}"
EndProject
Project("{FAE04EC0-301F-11D3-BF4B-00C04F79EFBC}") = "Tyuiu.KazachekI.Sprint6.Task5.V16.Test", "Tyuiu.KazachekI.Sprint6.Task5.V16.Test\Tyuiu.KazachekI.Sprint6.Task5.V16.Test.csproj", "{D1B32A24-B5F7-4771-903C-20D4FD077DFB}"
EndProject
Project("{FAE04EC0-301F-11D3-BF4B-00C04F79EFBC}") = "Tyuiu.KazachekI.Sprint6.Task6.V19", "Tyuiu.KazachekI.Sprint6.Task6.V19\Tyuiu.KazachekI.Sprint6.Task6.V19.csproj", "{34F62368-C4D4-4D36-BDCA-C24B91C125B9}"
EndProject
Project("{FAE04EC0-301F-11D3-BF4B-00C04F79EFBC}") = "Tyuiu.KazachekI.Sprint6.Task6.V19.Lib", "Tyuiu.KazachekI.Sprint6.Task6.V19.Lib\Tyuiu.KazachekI.Sprint6.Task6.V19.Lib.csproj", "{9A5F9C32-E83A-496B-88A4-63BE3D345B09}"
EndProject
Project("{FAE04EC0-301F-11D3-BF4B-00C04F79EFBC}") = "Tyuiu.KazachekI.Sprint6.Task6.V19.Test", "Tyuiu.KazachekI.Sprint6.Task6.V19.Test\Tyuiu.KazachekI.Sprint6.Task6.V19.Test.csproj", "{EE7C6B9C-7F51-4BA7-9F7E-3D7C558D8C7A}"
EndProject
Project("{FAE04EC0-301F-11D3-BF4B-00C04F79EFBC}") = "Tyuiu.KazachekI.Sprint6.Task7.V2", "Tyuiu.KazachekI.Sprint6.Task7.V2\Tyuiu.KazachekI.Sprint6.Task7.V2.csproj", "{3BE9B260-B796-4559-B8FC-F192BB269808}"
EndProject
Project("{FAE04EC0-301F-11D3-BF4B-00C04F79EFBC}") = "Tyuiu.KazachekI.Sprint6.Task7.V2.Lib", "Tyuiu.KazachekI.Sprint6.Task7.V2.Lib\Tyuiu.KazachekI.Sprint6.Task7.V2.Lib.csproj", "{F96BBCD6-E811-4B89-B998-162238FA65B7}"
EndProject
Project("{FAE04EC0-301F-11D3-BF4B-00C04F79EFBC}") = "Tyuiu.KazachekI.Sprint6.Task7.V2.Test", "Tyuiu.KazachekI.Sprint6.Task7.V2.Test\Tyuiu.KazachekI.Sprint6.Task7.V2.Test.csproj", "{F1999D24-A8A3-49F2-8ADE-5683BCC5BE50}"
EndProject
Project("{FAE04EC0-301F-11D3-BF4B-00C04F79EFBC}") = "Tyuiu.KazachekI.Sprint6.Task2.V4", "Tyuiu.KazachekI.Sprint6.Task2.V4\Tyuiu.KazachekI.Sprint6.Task2.V4.csproj", "{624C9EDD-FB9C-4EB9-99B8-D5AD83E498BC}"
EndProject
Project("{FAE04EC0-301F-11D3-BF4B-00C04F79EFBC}") = "Tyuiu.KazachekI.Sprint6.Task2.V4.Lib", "Tyuiu.KazachekI.Sprint6.Task2.V4.Lib\Tyuiu.KazachekI.Sprint6.Task2.V4.Lib.csproj", "{B9FDFAC7-4F31-4D7C-B4B1-0AC75F014D15}"
EndProject
Project("{FAE04EC0-301F-11D3-BF4B-00C04F79EFBC}") = "Tyuiu.KazachekI.Sprint6.Task2.V4.Test", "Tyuiu.KazachekI.Sprint6.Task2.V4.Test\Tyuiu.KazachekI.Sprint6.Task2.V4.Test.csproj", "{A0A3250F-527E-4E17-B3D8-AA95B1F19150}"
EndProject
Global
	GlobalSection(SolutionConfigurationPlatforms) = preSolution
		Debug|Any CPU = Debug|Any CPU
		Release|Any CPU = Release|Any CPU
	EndGlobalSection
	GlobalSection(ProjectConfigurationPlatforms) = postSolution
		{708C402D-7AA8-48ED-9887-E8F0AA98C7F3}.Debug|Any CPU.ActiveCfg = Debug|Any CPU
		{708C402D-7AA8-48ED-9887-E8F0AA98C7F3}.Debug|Any CPU.Build.0 = Debug|Any CPU
		{708C402D-7AA8-48ED-9887-E8F0AA98C7F3}.Release|Any CPU.ActiveCfg = Release|Any CPU
		{708C402D-7AA8-48ED-9887-E8F0AA98C7F3}.Release|Any CPU.Build.0 = Release|Any CPU
		{BA2DD480-6B3D-4304-BFE3-C3B4072E38B4}.Debug|Any CPU.ActiveCfg = Debug|Any CPU
		{BA2DD480-6B3D-4304-BFE3-C3B4072E38B4}.Debug|Any CPU.Build.0 = Debug|Any CPU
		{BA2DD480-6B3D-4304-BFE3-C3B4072E38B4}.Release|Any CPU.ActiveCfg = Release|Any CPU
		{BA2DD480-6B3D-4304-BFE3-C3B4072E38B4}.Release|Any CPU.Build.0 = Release|Any CPU
		{6C90AB0F-E2B1-4BED-853D-D4EF06C462DB}.Debug|Any CPU.ActiveCfg = Debug|Any CPU
		{6C90AB0F-E2B1-4BED-853D-D4EF06C462DB}.Debug|Any CPU.Build.0 = Debug|Any CPU
		{6C90AB0F-E2B1-4BED-853D-D4EF06C462DB}.Release|Any CPU.ActiveCfg = Release|Any CPU
		{6C90AB0F-E2B1-4BED-853D-D4EF06C462DB}.Release|Any CPU.Build.0 = Release|Any CPU
		{8EA01137-A919-4F5C-BA67-D32C6CB0E680}.Debug|Any CPU.ActiveCfg = Debug|Any CPU
		{8EA01137-A919-4F5C-BA67-D32C6CB0E680}.Debug|Any CPU.Build.0 = Debug|Any CPU
		{8EA01137-A919-4F5C-BA67-D32C6CB0E680}.Release|Any CPU.ActiveCfg = Release|Any CPU
		{8EA01137-A919-4F5C-BA67-D32C6CB0E680}.Release|Any CPU.Build.0 = Release|Any CPU
		{3C84A2FA-5047-4CDA-9B63-AC1E49FD9636}.Debug|Any CPU.ActiveCfg = Debug|Any CPU
		{3C84A2FA-5047-4CDA-9B63-AC1E49FD9636}.Debug|Any CPU.Build.0 = Debug|Any CPU
		{3C84A2FA-5047-4CDA-9B63-AC1E49FD9636}.Release|Any CPU.ActiveCfg = Release|Any CPU
		{3C84A2FA-5047-4CDA-9B63-AC1E49FD9636}.Release|Any CPU.Build.0 = Release|Any CPU
		{BB33E7E9-B1C2-4527-8C32-1492A97E662F}.Debug|Any CPU.ActiveCfg = Debug|Any CPU
		{BB33E7E9-B1C2-4527-8C32-1492A97E662F}.Debug|Any CPU.Build.0 = Debug|Any CPU
		{BB33E7E9-B1C2-4527-8C32-1492A97E662F}.Release|Any CPU.ActiveCfg = Release|Any CPU
		{BB33E7E9-B1C2-4527-8C32-1492A97E662F}.Release|Any CPU.Build.0 = Release|Any CPU
		{B42367DD-3312-4F08-93EA-D97E14886076}.Debug|Any CPU.ActiveCfg = Debug|Any CPU
		{B42367DD-3312-4F08-93EA-D97E14886076}.Debug|Any CPU.Build.0 = Debug|Any CPU
		{B42367DD-3312-4F08-93EA-D97E14886076}.Release|Any CPU.ActiveCfg = Release|Any CPU
		{B42367DD-3312-4F08-93EA-D97E14886076}.Release|Any CPU.Build.0 = Release|Any CPU
		{64E6F744-D422-4FAA-AF16-0A94C004920D}.Debug|Any CPU.ActiveCfg = Debug|Any CPU
		{64E6F744-D422-4FAA-AF16-0A94C004920D}.Debug|Any CPU.Build.0 = Debug|Any CPU
		{64E6F744-D422-4FAA-AF16-0A94C004920D}.Release|Any CPU.ActiveCfg = Release|Any CPU
		{64E6F744-D422-4FAA-AF16-0A94C004920D}.Release|Any CPU.Build.0 = Release|Any CPU
		{46F61BF4-4C5B-440D-A38C-0BEC274A025C}.Debug|Any CPU.ActiveCfg = Debug|Any CPU
		{46F61BF4-4C5B-440D-A38C-0BEC274A025C}.Debug|Any CPU.Build.0 = Debug|Any CPU
		{46F61BF4-4C5B-440D-A38C-0BEC274A025C}.Release|Any CPU.ActiveCfg = Release|Any CPU
		{46F61BF4-4C5B-440D-A38C-0BEC274A025C}.Release|Any CPU.Build.0 = Release|Any CPU
		{13D9D2B9-19D5-40E4-A276-637E6B1EBE8D}.Debug|Any CPU.ActiveCfg = Debug|Any CPU
		{13D9D2B9-19D5-40E4-A276-637E6B1EBE8D}.Debug|Any CPU.Build.0 = Debug|Any CPU
		{13D9D2B9-19D5-40E4-A276-637E6B1EBE8D}.Release|Any CPU.ActiveCfg = Release|Any CPU
		{13D9D2B9-19D5-40E4-A276-637E6B1EBE8D}.Release|Any CPU.Build.0 = Release|Any CPU
		{39B58DEA-5918-41A7-A709-31AF59FF5A3B}.Debug|Any CPU.ActiveCfg = Debug|Any CPU
		{39B58DEA-5918-41A7-A709-31AF59FF5A3B}.Debug|Any CPU.Build.0 = Debug|Any CPU
		{39B58DEA-5918-41A7-A709-31AF59FF5A3B}.Release|Any CPU.ActiveCfg = Release|Any CPU
		{39B58DEA-5918-41A7-A709-31AF59FF5A3B}.Release|Any CPU.Build.0 = Release|Any CPU
		{33BC3B8E-7750-4579-A764-7CFFC0FFD74C}.Debug|Any CPU.ActiveCfg = Debug|Any CPU
		{33BC3B8E-7750-4579-A764-7CFFC0FFD74C}.Debug|Any CPU.Build.0 = Debug|Any CPU
		{33BC3B8E-7750-4579-A764-7CFFC0FFD74C}.Release|Any CPU.ActiveCfg = Release|Any CPU
		{33BC3B8E-7750-4579-A764-7CFFC0FFD74C}.Release|Any CPU.Build.0 = Release|Any CPU
		{67F52CCE-C475-4670-B537-2F19F8A22C08}.Debug|Any CPU.ActiveCfg = Debug|Any CPU
		{67F52CCE-C475-4670-B537-2F19F8A22C08}.Debug|Any CPU.Build.0 = Debug|Any CPU
		{67F52CCE-C475-4670-B537-2F19F8A22C08}.Release|Any CPU.ActiveCfg = Release|Any CPU
		{67F52CCE-C475-4670-B537-2F19F8A22C08}.Release|Any CPU.Build.0 = Release|Any CPU
		{14651252-0689-45D4-A2BF-99FDAC8EE23B}.Debug|Any CPU.ActiveCfg = Debug|Any CPU
		{14651252-0689-45D4-A2BF-99FDAC8EE23B}.Debug|Any CPU.Build.0 = Debug|Any CPU
		{14651252-0689-45D4-A2BF-99FDAC8EE23B}.Release|Any CPU.ActiveCfg = Release|Any CPU
		{14651252-0689-45D4-A2BF-99FDAC8EE23B}.Release|Any CPU.Build.0 = Release|Any CPU
		{D1B32A24-B5F7-4771-903C-20D4FD077DFB}.Debug|Any CPU.ActiveCfg = Debug|Any CPU
		{D1B32A24-B5F7-4771-903C-20D4FD077DFB}.Debug|Any CPU.Build.0 = Debug|Any CPU
		{D1B32A24-B5F7-4771-903C-20D4FD077DFB}.Release|Any CPU.ActiveCfg = Release|Any CPU
		{D1B32A24-B5F7-4771-903C-20D4FD077DFB}.Release|Any CPU.Build.0 = Release|Any CPU
		{34F62368-C4D4-4D36-BDCA-C24B91C125B9}.Debug|Any CPU.ActiveCfg = Debug|Any CPU
		{34F62368-C4D4-4D36-BDCA-C24B91C125B9}.Debug|Any CPU.Build.0 = Debug|Any CPU
		{34F62368-C4D4-4D36-BDCA-C24B91C125B9}.Release|Any CPU.ActiveCfg = Release|Any CPU
		{34F62368-C4D4-4D36-BDCA-C24B91C125B9}.Release|Any CPU.Build.0 = Release|Any CPU
		{9A5F9C32-E83A-496B-88A4-63BE3D345B09}.Debug|Any CPU.ActiveCfg = Debug|Any CPU
		{9A5F9C32-E83A-496B-88A4-63BE3D345B09}.Debug|Any CPU.Build.0 = Debug|Any CPU
		{9A5F9C32-E83A-496B-88A4-63BE3D345B09}.Release|Any CPU.ActiveCfg = Release|Any CPU
		{9A5F9C32-E83A-496B-88A4-63BE3D345B09}.Release|Any CPU.Build.0 = Release|Any CPU
		{EE7C6B9C-7F51-4BA7-9F7E-3D7C558D8C7A}.Debug|Any CPU.ActiveCfg = Debug|Any CPU
		{EE7C6B9C-7F51-4BA7-9F7E-3D7C558D8C7A}.Debug|Any CPU.Build.0 = Debug|Any CPU
		{EE7C6B9C-7F51-4BA7-9F7E-3D7C558D8C7A}.Release|Any CPU.ActiveCfg = Release|Any CPU
		{EE7C6B9C-7F51-4BA7-9F7E-3D7C558D8C7A}.Release|Any CPU.Build.0 = Release|Any CPU
		{3BE9B260-B796-4559-B8FC-F192BB269808}.Debug|Any CPU.ActiveCfg = Debug|Any CPU
		{3BE9B260-B796-4559-B8FC-F192BB269808}.Debug|Any CPU.Build.0 = Debug|Any CPU
		{3BE9B260-B796-4559-B8FC-F192BB269808}.Release|Any CPU.ActiveCfg = Release|Any CPU
		{3BE9B260-B796-4559-B8FC-F192BB269808}.Release|Any CPU.Build.0 = Release|Any CPU
		{F96BBCD6-E811-4B89-B998-162238FA65B7}.Debug|Any CPU.ActiveCfg = Debug|Any CPU
		{F96BBCD6-E811-4B89-B998-162238FA65B7}.Debug|Any CPU.Build.0 = Debug|Any CPU
		{F96BBCD6-E811-4B89-B998-162238FA65B7}.Release|Any CPU.ActiveCfg = Release|Any CPU
		{F96BBCD6-E811-4B89-B998-162238FA65B7}.Release|Any CPU.Build.0 = Release|Any CPU
		{F1999D24-A8A3-49F2-8ADE-5683BCC5BE50}.Debug|Any CPU.ActiveCfg = Debug|Any CPU
		{F1999D24-A8A3-49F2-8ADE-5683BCC5BE50}.Debug|Any CPU.Build.0 = Debug|Any CPU
		{F1999D24-A8A3-49F2-8ADE-5683BCC5BE50}.Release|Any CPU.ActiveCfg = Release|Any CPU
		{F1999D24-A8A3-49F2-8ADE-5683BCC5BE50}.Release|Any CPU.Build.0 = Release|Any CPU
		{624C9EDD-FB9C-4EB9-99B8-D5AD83E498BC}.Debug|Any CPU.ActiveCfg = Debug|Any CPU
		{624C9EDD-FB9C-4EB9-99B8-D5AD83E498BC}.Debug|Any CPU.Build.0 = Debug|Any CPU
		{624C9EDD-FB9C-4EB9-99B8-D5AD83E498BC}.Release|Any CPU.ActiveCfg = Release|Any CPU
		{624C9EDD-FB9C-4EB9-99B8-D5AD83E498BC}.Release|Any CPU.Build.0 = Release|Any CPU
		{B9FDFAC7-4F31-4D7C-B4B1-0AC75F014D15}.Debug|Any CPU.ActiveCfg = Debug|Any CPU
		{B9FDFAC7-4F31-4D7C-B4B1-0AC75F014D15}.Debug|Any CPU.Build.0 = Debug|Any CPU
		{B9FDFAC7-4F31-4D7C-B4B1-0AC75F014D15}.Release|Any CPU.ActiveCfg = Release|Any CPU
		{B9FDFAC7-4F31-4D7C-B4B1-0AC75F014D15}.Release|Any CPU.Build.0 = Release|Any CPU
		{A0A3250F-527E-4E17-B3D8-AA95B1F19150}.Debug|Any CPU.ActiveCfg = Debug|Any CPU
		{A0A3250F-527E-4E17-B3D8-AA95B1F19150}.Debug|Any CPU.Build.0 = Debug|Any CPU
		{A0A3250F-527E-4E17-B3D8-AA95B1F19150}.Release|Any CPU.ActiveCfg = Release|Any CPU
		{A0A3250F-527E-4E17-B3D8-AA95B1F19150}.Release|Any CPU.Build.0 = Release|Any CPU
	EndGlobalSection
	GlobalSection(SolutionProperties) = preSolution
		HideSolutionNode = FALSE
	EndGlobalSection
	GlobalSection(NestedProjects) = preSolution
		{708C402D-7AA8-48ED-9887-E8F0AA98C7F3} = {02EA681E-C7D8-13C7-8484-4AC65E1B71E8}
		{BA2DD480-6B3D-4304-BFE3-C3B4072E38B4} = {02EA681E-C7D8-13C7-8484-4AC65E1B71E8}
		{6C90AB0F-E2B1-4BED-853D-D4EF06C462DB} = {02EA681E-C7D8-13C7-8484-4AC65E1B71E8}
		{8EA01137-A919-4F5C-BA67-D32C6CB0E680} = {5C7A6EE6-2DD5-44BF-AAB8-B75B50DCEF47}
		{3C84A2FA-5047-4CDA-9B63-AC1E49FD9636} = {5C7A6EE6-2DD5-44BF-AAB8-B75B50DCEF47}
		{BB33E7E9-B1C2-4527-8C32-1492A97E662F} = {5C7A6EE6-2DD5-44BF-AAB8-B75B50DCEF47}
		{B42367DD-3312-4F08-93EA-D97E14886076} = {13136975-54D2-4507-B326-2D21362D10FD}
		{64E6F744-D422-4FAA-AF16-0A94C004920D} = {13136975-54D2-4507-B326-2D21362D10FD}
		{46F61BF4-4C5B-440D-A38C-0BEC274A025C} = {13136975-54D2-4507-B326-2D21362D10FD}
		{13D9D2B9-19D5-40E4-A276-637E6B1EBE8D} = {04F70D3C-B9F7-405B-93DA-5115EC98E2EF}
		{39B58DEA-5918-41A7-A709-31AF59FF5A3B} = {04F70D3C-B9F7-405B-93DA-5115EC98E2EF}
		{33BC3B8E-7750-4579-A764-7CFFC0FFD74C} = {04F70D3C-B9F7-405B-93DA-5115EC98E2EF}
		{67F52CCE-C475-4670-B537-2F19F8A22C08} = {720EDC1A-38D9-4925-8C23-E2B8825ED0A4}
		{14651252-0689-45D4-A2BF-99FDAC8EE23B} = {720EDC1A-38D9-4925-8C23-E2B8825ED0A4}
		{D1B32A24-B5F7-4771-903C-20D4FD077DFB} = {720EDC1A-38D9-4925-8C23-E2B8825ED0A4}
		{34F62368-C4D4-4D36-BDCA-C24B91C125B9} = {E152026B-BBCE-4AE8-ADE0-36A929F10780}
		{9A5F9C32-E83A-496B-88A4-63BE3D345B09} = {E152026B-BBCE-4AE8-ADE0-36A929F10780}
		{EE7C6B9C-7F51-4BA7-9F7E-3D7C558D8C7A} = {E152026B-BBCE-4AE8-ADE0-36A929F10780}
		{3BE9B260-B796-4559-B8FC-F192BB269808} = {24D587BC-038F-4607-8A0E-C43CC8FC4E2C}
		{F96BBCD6-E811-4B89-B998-162238FA65B7} = {24D587BC-038F-4607-8A0E-C43CC8FC4E2C}
		{F1999D24-A8A3-49F2-8ADE-5683BCC5BE50} = {24D587BC-038F-4607-8A0E-C43CC8FC4E2C}
		{624C9EDD-FB9C-4EB9-99B8-D5AD83E498BC} = {D0E537EA-2D82-43EE-B69A-0D77D28B1426}
		{B9FDFAC7-4F31-4D7C-B4B1-0AC75F014D15} = {D0E537EA-2D82-43EE-B69A-0D77D28B1426}
		{A0A3250F-527E-4E17-B3D8-AA95B1F19150} = {D0E537EA-2D82-43EE-B69A-0D77D28B1426}
	EndGlobalSection
	GlobalSection(ExtensibilityGlobals) = postSolution
		SolutionGuid = {04940882-2BA1-40E0-9BE1-8F027FC2CF75}
	EndGlobalSection
EndGlobal
